// !$*UTF8*$!
{
	archiveVersion = 1;
	classes = {
	};
	objectVersion = 50;
	objects = {

/* Begin PBXBuildFile section */
		405F0F722614DC4A004E0A34 /* AppDelegate.swift in Sources */ = {isa = PBXBuildFile; fileRef = 405F0F712614DC4A004E0A34 /* AppDelegate.swift */; };
		405F0F742614DC4A004E0A34 /* SceneDelegate.swift in Sources */ = {isa = PBXBuildFile; fileRef = 405F0F732614DC4A004E0A34 /* SceneDelegate.swift */; };
		405F0F762614DC4A004E0A34 /* ViewController.swift in Sources */ = {isa = PBXBuildFile; fileRef = 405F0F752614DC4A004E0A34 /* ViewController.swift */; };
		405F0F792614DC4A004E0A34 /* Main.storyboard in Resources */ = {isa = PBXBuildFile; fileRef = 405F0F772614DC4A004E0A34 /* Main.storyboard */; };
		405F0F7B2614DC4C004E0A34 /* Assets.xcassets in Resources */ = {isa = PBXBuildFile; fileRef = 405F0F7A2614DC4C004E0A34 /* Assets.xcassets */; };
		405F0F7E2614DC4C004E0A34 /* LaunchScreen.storyboard in Resources */ = {isa = PBXBuildFile; fileRef = 405F0F7C2614DC4C004E0A34 /* LaunchScreen.storyboard */; };
		405F0F872614E46B004E0A34 /* TableViewController.swift in Sources */ = {isa = PBXBuildFile; fileRef = 405F0F862614E46B004E0A34 /* TableViewController.swift */; };
		405F0F8A2614E504004E0A34 /* TableViewCell.swift in Sources */ = {isa = PBXBuildFile; fileRef = 405F0F892614E504004E0A34 /* TableViewCell.swift */; };
		405F0F902614EB89004E0A34 /* WeatherFetcher.swift in Sources */ = {isa = PBXBuildFile; fileRef = 405F0F8F2614EB89004E0A34 /* WeatherFetcher.swift */; };
		405F0F942614EB9B004E0A34 /* Weather.swift in Sources */ = {isa = PBXBuildFile; fileRef = 405F0F932614EB9B004E0A34 /* Weather.swift */; };
/* End PBXBuildFile section */

/* Begin PBXFileReference section */
		405F0F6E2614DC4A004E0A34 /* MohammedSuleiman_Weather.app */ = {isa = PBXFileReference; explicitFileType = wrapper.application; includeInIndex = 0; path = MohammedSuleiman_Weather.app; sourceTree = BUILT_PRODUCTS_DIR; };
		405F0F712614DC4A004E0A34 /* AppDelegate.swift */ = {isa = PBXFileReference; lastKnownFileType = sourcecode.swift; path = AppDelegate.swift; sourceTree = "<group>"; };
		405F0F732614DC4A004E0A34 /* SceneDelegate.swift */ = {isa = PBXFileReference; lastKnownFileType = sourcecode.swift; path = SceneDelegate.swift; sourceTree = "<group>"; };
		405F0F752614DC4A004E0A34 /* ViewController.swift */ = {isa = PBXFileReference; lastKnownFileType = sourcecode.swift; path = ViewController.swift; sourceTree = "<group>"; };
		405F0F782614DC4A004E0A34 /* Base */ = {isa = PBXFileReference; lastKnownFileType = file.storyboard; name = Base; path = Base.lproj/Main.storyboard; sourceTree = "<group>"; };
		405F0F7A2614DC4C004E0A34 /* Assets.xcassets */ = {isa = PBXFileReference; lastKnownFileType = folder.assetcatalog; path = Assets.xcassets; sourceTree = "<group>"; };
		405F0F7D2614DC4C004E0A34 /* Base */ = {isa = PBXFileReference; lastKnownFileType = file.storyboard; name = Base; path = Base.lproj/LaunchScreen.storyboard; sourceTree = "<group>"; };
		405F0F7F2614DC4C004E0A34 /* Info.plist */ = {isa = PBXFileReference; lastKnownFileType = text.plist.xml; path = Info.plist; sourceTree = "<group>"; };
		405F0F862614E46B004E0A34 /* TableViewController.swift */ = {isa = PBXFileReference; lastKnownFileType = sourcecode.swift; path = TableViewController.swift; sourceTree = "<group>"; };
		405F0F892614E504004E0A34 /* TableViewCell.swift */ = {isa = PBXFileReference; lastKnownFileType = sourcecode.swift; path = TableViewCell.swift; sourceTree = "<group>"; };
		405F0F8F2614EB89004E0A34 /* WeatherFetcher.swift */ = {isa = PBXFileReference; lastKnownFileType = sourcecode.swift; path = WeatherFetcher.swift; sourceTree = "<group>"; };
		405F0F932614EB9B004E0A34 /* Weather.swift */ = {isa = PBXFileReference; lastKnownFileType = sourcecode.swift; path = Weather.swift; sourceTree = "<group>"; };
/* End PBXFileReference section */

/* Begin PBXFrameworksBuildPhase section */
		405F0F6B2614DC4A004E0A34 /* Frameworks */ = {
			isa = PBXFrameworksBuildPhase;
			buildActionMask = 2147483647;
			files = (
			);
			runOnlyForDeploymentPostprocessing = 0;
		};
/* End PBXFrameworksBuildPhase section */

/* Begin PBXGroup section */
		405F0F652614DC4A004E0A34 = {
			isa = PBXGroup;
			children = (
				405F0F702614DC4A004E0A34 /* MohammedSuleiman_Weather */,
				405F0F6F2614DC4A004E0A34 /* Products */,
			);
			sourceTree = "<group>";
		};
		405F0F6F2614DC4A004E0A34 /* Products */ = {
			isa = PBXGroup;
			children = (
				405F0F6E2614DC4A004E0A34 /* MohammedSuleiman_Weather.app */,
			);
			name = Products;
			sourceTree = "<group>";
		};
		405F0F702614DC4A004E0A34 /* MohammedSuleiman_Weather */ = {
			isa = PBXGroup;
			children = (
				405F0F8E2614EB42004E0A34 /* Views */,
				405F0F8D2614EB33004E0A34 /* Controller */,
				405F0F8C2614EB2B004E0A34 /* Models */,
				405F0F712614DC4A004E0A34 /* AppDelegate.swift */,
				405F0F732614DC4A004E0A34 /* SceneDelegate.swift */,
				405F0F772614DC4A004E0A34 /* Main.storyboard */,
				405F0F7A2614DC4C004E0A34 /* Assets.xcassets */,
				405F0F7C2614DC4C004E0A34 /* LaunchScreen.storyboard */,
				405F0F7F2614DC4C004E0A34 /* Info.plist */,
			);
			path = MohammedSuleiman_Weather;
			sourceTree = "<group>";
		};
		405F0F8C2614EB2B004E0A34 /* Models */ = {
			isa = PBXGroup;
			children = (
				405F0F932614EB9B004E0A34 /* Weather.swift */,
			);
			path = Models;
			sourceTree = "<group>";
		};
		405F0F8D2614EB33004E0A34 /* Controller */ = {
			isa = PBXGroup;
			children = (
				405F0F8F2614EB89004E0A34 /* WeatherFetcher.swift */,
			);
			path = Controller;
			sourceTree = "<group>";
		};
		405F0F8E2614EB42004E0A34 /* Views */ = {
			isa = PBXGroup;
			children = (
				405F0F892614E504004E0A34 /* TableViewCell.swift */,
				405F0F862614E46B004E0A34 /* TableViewController.swift */,
				405F0F752614DC4A004E0A34 /* ViewController.swift */,
			);
			path = Views;
			sourceTree = "<group>";
		};
/* End PBXGroup section */

/* Begin PBXNativeTarget section */
		405F0F6D2614DC4A004E0A34 /* MohammedSuleiman_Weather */ = {
			isa = PBXNativeTarget;
			buildConfigurationList = 405F0F822614DC4C004E0A34 /* Build configuration list for PBXNativeTarget "MohammedSuleiman_Weather" */;
			buildPhases = (
				405F0F6A2614DC4A004E0A34 /* Sources */,
				405F0F6B2614DC4A004E0A34 /* Frameworks */,
				405F0F6C2614DC4A004E0A34 /* Resources */,
			);
			buildRules = (
			);
			dependencies = (
			);
			name = MohammedSuleiman_Weather;
			productName = MohammedSuleiman_Weather;
			productReference = 405F0F6E2614DC4A004E0A34 /* MohammedSuleiman_Weather.app */;
			productType = "com.apple.product-type.application";
		};
/* End PBXNativeTarget section */

/* Begin PBXProject section */
		405F0F662614DC4A004E0A34 /* Project object */ = {
			isa = PBXProject;
			attributes = {
				LastSwiftUpdateCheck = 1230;
				LastUpgradeCheck = 1230;
				TargetAttributes = {
					405F0F6D2614DC4A004E0A34 = {
						CreatedOnToolsVersion = 12.3;
					};
				};
			};
			buildConfigurationList = 405F0F692614DC4A004E0A34 /* Build configuration list for PBXProject "MohammedSuleiman_Weather" */;
			compatibilityVersion = "Xcode 9.3";
			developmentRegion = en;
			hasScannedForEncodings = 0;
			knownRegions = (
				en,
				Base,
			);
			mainGroup = 405F0F652614DC4A004E0A34;
			productRefGroup = 405F0F6F2614DC4A004E0A34 /* Products */;
			projectDirPath = "";
			projectRoot = "";
			targets = (
				405F0F6D2614DC4A004E0A34 /* MohammedSuleiman_Weather */,
			);
		};
/* End PBXProject section */

/* Begin PBXResourcesBuildPhase section */
		405F0F6C2614DC4A004E0A34 /* Resources */ = {
			isa = PBXResourcesBuildPhase;
			buildActionMask = 2147483647;
			files = (
				405F0F7E2614DC4C004E0A34 /* LaunchScreen.storyboard in Resources */,
				405F0F7B2614DC4C004E0A34 /* Assets.xcassets in Resources */,
				405F0F792614DC4A004E0A34 /* Main.storyboard in Resources */,
			);
			runOnlyForDeploymentPostprocessing = 0;
		};
/* End PBXResourcesBuildPhase section */

/* Begin PBXSourcesBuildPhase section */
		405F0F6A2614DC4A004E0A34 /* Sources */ = {
			isa = PBXSourcesBuildPhase;
			buildActionMask = 2147483647;
			files = (
				405F0F8A2614E504004E0A34 /* TableViewCell.swift in Sources */,
				405F0F762614DC4A004E0A34 /* ViewController.swift in Sources */,
				405F0F902614EB89004E0A34 /* WeatherFetcher.swift in Sources */,
				405F0F722614DC4A004E0A34 /* AppDelegate.swift in Sources */,
				405F0F742614DC4A004E0A34 /* SceneDelegate.swift in Sources */,
				405F0F872614E46B004E0A34 /* TableViewController.swift in Sources */,
				405F0F942614EB9B004E0A34 /* Weather.swift in Sources */,
			);
			runOnlyForDeploymentPostprocessing = 0;
		};
/* End PBXSourcesBuildPhase section */

/* Begin PBXVariantGroup section */
		405F0F772614DC4A004E0A34 /* Main.storyboard */ = {
			isa = PBXVariantGroup;
			children = (
				405F0F782614DC4A004E0A34 /* Base */,
			);
			name = Main.storyboard;
			sourceTree = "<group>";
		};
		405F0F7C2614DC4C004E0A34 /* LaunchScreen.storyboard */ = {
			isa = PBXVariantGroup;
			children = (
				405F0F7D2614DC4C004E0A34 /* Base */,
			);
			name = LaunchScreen.storyboard;
			sourceTree = "<group>";
		};
/* End PBXVariantGroup section */

/* Begin XCBuildConfiguration section */
		405F0F802614DC4C004E0A34 /* Debug */ = {
			isa = XCBuildConfiguration;
			buildSettings = {
				ALWAYS_SEARCH_USER_PATHS = NO;
				CLANG_ANALYZER_NONNULL = YES;
				CLANG_ANALYZER_NUMBER_OBJECT_CONVERSION = YES_AGGRESSIVE;
				CLANG_CXX_LANGUAGE_STANDARD = "gnu++14";
				CLANG_CXX_LIBRARY = "libc++";
				CLANG_ENABLE_MODULES = YES;
				CLANG_ENABLE_OBJC_ARC = YES;
				CLANG_ENABLE_OBJC_WEAK = YES;
				CLANG_WARN_BLOCK_CAPTURE_AUTORELEASING = YES;
				CLANG_WARN_BOOL_CONVERSION = YES;
				CLANG_WARN_COMMA = YES;
				CLANG_WARN_CONSTANT_CONVERSION = YES;
				CLANG_WARN_DEPRECATED_OBJC_IMPLEMENTATIONS = YES;
				CLANG_WARN_DIRECT_OBJC_ISA_USAGE = YES_ERROR;
				CLANG_WARN_DOCUMENTATION_COMMENTS = YES;
				CLANG_WARN_EMPTY_BODY = YES;
				CLANG_WARN_ENUM_CONVERSION = YES;
				CLANG_WARN_INFINITE_RECURSION = YES;
				CLANG_WARN_INT_CONVERSION = YES;
				CLANG_WARN_NON_LITERAL_NULL_CONVERSION = YES;
				CLANG_WARN_OBJC_IMPLICIT_RETAIN_SELF = YES;
				CLANG_WARN_OBJC_LITERAL_CONVERSION = YES;
				CLANG_WARN_OBJC_ROOT_CLASS = YES_ERROR;
				CLANG_WARN_QUOTED_INCLUDE_IN_FRAMEWORK_HEADER = YES;
				CLANG_WARN_RANGE_LOOP_ANALYSIS = YES;
				CLANG_WARN_STRICT_PROTOTYPES = YES;
				CLANG_WARN_SUSPICIOUS_MOVE = YES;
				CLANG_WARN_UNGUARDED_AVAILABILITY = YES_AGGRESSIVE;
				CLANG_WARN_UNREACHABLE_CODE = YES;
				CLANG_WARN__DUPLICATE_METHOD_MATCH = YES;
				COPY_PHASE_STRIP = NO;
				DEBUG_INFORMATION_FORMAT = dwarf;
				ENABLE_STRICT_OBJC_MSGSEND = YES;
				ENABLE_TESTABILITY = YES;
				GCC_C_LANGUAGE_STANDARD = gnu11;
				GCC_DYNAMIC_NO_PIC = NO;
				GCC_NO_COMMON_BLOCKS = YES;
				GCC_OPTIMIZATION_LEVEL = 0;
				GCC_PREPROCESSOR_DEFINITIONS = (
					"DEBUG=1",
					"$(inherited)",
				);
				GCC_WARN_64_TO_32_BIT_CONVERSION = YES;
				GCC_WARN_ABOUT_RETURN_TYPE = YES_ERROR;
				GCC_WARN_UNDECLARED_SELECTOR = YES;
				GCC_WARN_UNINITIALIZED_AUTOS = YES_AGGRESSIVE;
				GCC_WARN_UNUSED_FUNCTION = YES;
				GCC_WARN_UNUSED_VARIABLE = YES;
				IPHONEOS_DEPLOYMENT_TARGET = 14.3;
				MTL_ENABLE_DEBUG_INFO = INCLUDE_SOURCE;
				MTL_FAST_MATH = YES;
				ONLY_ACTIVE_ARCH = YES;
				SDKROOT = iphoneos;
				SWIFT_ACTIVE_COMPILATION_CONDITIONS = DEBUG;
				SWIFT_OPTIMIZATION_LEVEL = "-Onone";
			};
			name = Debug;
		};
		405F0F812614DC4C004E0A34 /* Release */ = {
			isa = XCBuildConfiguration;
			buildSettings = {
				ALWAYS_SEARCH_USER_PATHS = NO;
				CLANG_ANALYZER_NONNULL = YES;
				CLANG_ANALYZER_NUMBER_OBJECT_CONVERSION = YES_AGGRESSIVE;
				CLANG_CXX_LANGUAGE_STANDARD = "gnu++14";
				CLANG_CXX_LIBRARY = "libc++";
				CLANG_ENABLE_MODULES = YES;
				CLANG_ENABLE_OBJC_ARC = YES;
				CLANG_ENABLE_OBJC_WEAK = YES;
				CLANG_WARN_BLOCK_CAPTURE_AUTORELEASING = YES;
				CLANG_WARN_BOOL_CONVERSION = YES;
				CLANG_WARN_COMMA = YES;
				CLANG_WARN_CONSTANT_CONVERSION = YES;
				CLANG_WARN_DEPRECATED_OBJC_IMPLEMENTATIONS = YES;
				CLANG_WARN_DIRECT_OBJC_ISA_USAGE = YES_ERROR;
				CLANG_WARN_DOCUMENTATION_COMMENTS = YES;
				CLANG_WARN_EMPTY_BODY = YES;
				CLANG_WARN_ENUM_CONVERSION = YES;
				CLANG_WARN_INFINITE_RECURSION = YES;
				CLANG_WARN_INT_CONVERSION = YES;
				CLANG_WARN_NON_LITERAL_NULL_CONVERSION = YES;
				CLANG_WARN_OBJC_IMPLICIT_RETAIN_SELF = YES;
				CLANG_WARN_OBJC_LITERAL_CONVERSION = YES;
				CLANG_WARN_OBJC_ROOT_CLASS = YES_ERROR;
				CLANG_WARN_QUOTED_INCLUDE_IN_FRAMEWORK_HEADER = YES;
				CLANG_WARN_RANGE_LOOP_ANALYSIS = YES;
				CLANG_WARN_STRICT_PROTOTYPES = YES;
				CLANG_WARN_SUSPICIOUS_MOVE = YES;
				CLANG_WARN_UNGUARDED_AVAILABILITY = YES_AGGRESSIVE;
				CLANG_WARN_UNREACHABLE_CODE = YES;
				CLANG_WARN__DUPLICATE_METHOD_MATCH = YES;
				COPY_PHASE_STRIP = NO;
				DEBUG_INFORMATION_FORMAT = "dwarf-with-dsym";
				ENABLE_NS_ASSERTIONS = NO;
				ENABLE_STRICT_OBJC_MSGSEND = YES;
				GCC_C_LANGUAGE_STANDARD = gnu11;
				GCC_NO_COMMON_BLOCKS = YES;
				GCC_WARN_64_TO_32_BIT_CONVERSION = YES;
				GCC_WARN_ABOUT_RETURN_TYPE = YES_ERROR;
				GCC_WARN_UNDECLARED_SELECTOR = YES;
				GCC_WARN_UNINITIALIZED_AUTOS = YES_AGGRESSIVE;
				GCC_WARN_UNUSED_FUNCTION = YES;
				GCC_WARN_UNUSED_VARIABLE = YES;
				IPHONEOS_DEPLOYMENT_TARGET = 14.3;
				MTL_ENABLE_DEBUG_INFO = NO;
				MTL_FAST_MATH = YES;
				SDKROOT = iphoneos;
				SWIFT_COMPILATION_MODE = wholemodule;
				SWIFT_OPTIMIZATION_LEVEL = "-O";
				VALIDATE_PRODUCT = YES;
			};
			name = Release;
		};
		405F0F832614DC4C004E0A34 /* Debug */ = {
			isa = XCBuildConfiguration;
			buildSettings = {
				ASSETCATALOG_COMPILER_APPICON_NAME = AppIcon;
				ASSETCATALOG_COMPILER_GLOBAL_ACCENT_COLOR_NAME = AccentColor;
				CODE_SIGN_STYLE = Automatic;
				DEVELOPMENT_TEAM = D23224V687;
				INFOPLIST_FILE = MohammedSuleiman_Weather/Info.plist;
				LD_RUNPATH_SEARCH_PATHS = (
					"$(inherited)",
					"@executable_path/Frameworks",
				);
				PRODUCT_BUNDLE_IDENTIFIER = "MS.MohammedSuleiman-Weather";
				PRODUCT_NAME = "$(TARGET_NAME)";
				SWIFT_VERSION = 5.0;
				TARGETED_DEVICE_FAMILY = "1,2";
			};
			name = Debug;
		};
		405F0F842614DC4C004E0A34 /* Release */ = {
			isa = XCBuildConfiguration;
			buildSettings = {
				ASSETCATALOG_COMPILER_APPICON_NAME = AppIcon;
				ASSETCATALOG_COMPILER_GLOBAL_ACCENT_COLOR_NAME = AccentColor;
				CODE_SIGN_STYLE = Automatic;
				DEVELOPMENT_TEAM = D23224V687;
				INFOPLIST_FILE = MohammedSuleiman_Weather/Info.plist;
				LD_RUNPATH_SEARCH_PATHS = (
					"$(inherited)",
					"@executable_path/Frameworks",
				);
				PRODUCT_BUNDLE_IDENTIFIER = "MS.MohammedSuleiman-Weather";
				PRODUCT_NAME = "$(TARGET_NAME)";
				SWIFT_VERSION = 5.0;
				TARGETED_DEVICE_FAMILY = "1,2";
			};
			name = Release;
		};
/* End XCBuildConfiguration section */

/* Begin XCConfigurationList section */
		405F0F692614DC4A004E0A34 /* Build configuration list for PBXProject "MohammedSuleiman_Weather" */ = {
			isa = XCConfigurationList;
			buildConfigurations = (
				405F0F802614DC4C004E0A34 /* Debug */,
				405F0F812614DC4C004E0A34 /* Release */,
			);
			defaultConfigurationIsVisible = 0;
			defaultConfigurationName = Release;
		};
		405F0F822614DC4C004E0A34 /* Build configuration list for PBXNativeTarget "MohammedSuleiman_Weather" */ = {
			isa = XCConfigurationList;
			buildConfigurations = (
				405F0F832614DC4C004E0A34 /* Debug */,
				405F0F842614DC4C004E0A34 /* Release */,
			);
			defaultConfigurationIsVisible = 0;
			defaultConfigurationName = Release;
		};
/* End XCConfigurationList section */
	};
	rootObject = 405F0F662614DC4A004E0A34 /* Project object */;
}
